
Microsoft Visual Studio Solution File, Format Version 12.00
# Visual Studio Version 16
VisualStudioVersion = 16.0.31702.278
MinimumVisualStudioVersion = 10.0.40219.1
Project("{FAE04EC0-301F-11D3-BF4B-00C04F79EFBC}") = "CodeBlue", "CodeBlue.csproj", "{59EA7D3B-E556-421F-9C9A-25E10FB3DD50}"
EndProject
Global
	GlobalSection(SolutionConfigurationPlatforms) = preSolution
		Debug|Any CPU = Debug|Any CPU
		Release|Any CPU = Release|Any CPU
	EndGlobalSection
	GlobalSection(ProjectConfigurationPlatforms) = postSolution
		{59EA7D3B-E556-421F-9C9A-25E10FB3DD50}.Debug|Any CPU.ActiveCfg = Debug|Any CPU
		{59EA7D3B-E556-421F-9C9A-25E10FB3DD50}.Debug|Any CPU.Build.0 = Debug|Any CPU
		{59EA7D3B-E556-421F-9C9A-25E10FB3DD50}.Release|Any CPU.ActiveCfg = Release|Any CPU
		{59EA7D3B-E556-421F-9C9A-25E10FB3DD50}.Release|Any CPU.Build.0 = Release|Any CPU
	EndGlobalSection
	GlobalSection(SolutionProperties) = preSolution
		HideSolutionNode = FALSE
	EndGlobalSection
	GlobalSection(ExtensibilityGlobals) = postSolution
		SolutionGuid = {5DF436E9-0AFD-4FA0-931F-CA87E8E6A379}
	EndGlobalSection
EndGlobal
